
Microsoft Visual Studio Solution File, Format Version 12.00
# Visual Studio 15
VisualStudioVersion = 15.0.28307.438
MinimumVisualStudioVersion = 10.0.40219.1
Project("{FAE04EC0-301F-11D3-BF4B-00C04F79EFBC}") = "Publisher", "TestRabbitMQ\Publisher.csproj", "{5D4755CA-3716-4ACB-AD63-E0C8A4DC11BA}"
EndProject
Project("{FAE04EC0-301F-11D3-BF4B-00C04F79EFBC}") = "Consumer", "Consumidor\Consumer.csproj", "{D5F0F21F-EDAD-4473-8C6D-1660AD29259D}"
EndProject
Global
	GlobalSection(SolutionConfigurationPlatforms) = preSolution
		Debug|Any CPU = Debug|Any CPU
		Release|Any CPU = Release|Any CPU
	EndGlobalSection
	GlobalSection(ProjectConfigurationPlatforms) = postSolution
		{5D4755CA-3716-4ACB-AD63-E0C8A4DC11BA}.Debug|Any CPU.ActiveCfg = Debug|Any CPU
		{5D4755CA-3716-4ACB-AD63-E0C8A4DC11BA}.Debug|Any CPU.Build.0 = Debug|Any CPU
		{5D4755CA-3716-4ACB-AD63-E0C8A4DC11BA}.Release|Any CPU.ActiveCfg = Release|Any CPU
		{5D4755CA-3716-4ACB-AD63-E0C8A4DC11BA}.Release|Any CPU.Build.0 = Release|Any CPU
		{D5F0F21F-EDAD-4473-8C6D-1660AD29259D}.Debug|Any CPU.ActiveCfg = Debug|Any CPU
		{D5F0F21F-EDAD-4473-8C6D-1660AD29259D}.Debug|Any CPU.Build.0 = Debug|Any CPU
		{D5F0F21F-EDAD-4473-8C6D-1660AD29259D}.Release|Any CPU.ActiveCfg = Release|Any CPU
		{D5F0F21F-EDAD-4473-8C6D-1660AD29259D}.Release|Any CPU.Build.0 = Release|Any CPU
	EndGlobalSection
	GlobalSection(SolutionProperties) = preSolution
		HideSolutionNode = FALSE
	EndGlobalSection
	GlobalSection(ExtensibilityGlobals) = postSolution
		SolutionGuid = {2FC2F935-DF53-488F-8843-FBC3BAA7C1AC}
	EndGlobalSection
EndGlobal
